
Microsoft Visual Studio Solution File, Format Version 12.00
# Visual Studio Version 17
VisualStudioVersion = 17.4.33122.133
MinimumVisualStudioVersion = 10.0.40219.1
Project("{8BC9CEB8-8B4A-11D0-8D11-00A0C91BC942}") = "io_blink", "io_blink\io_blink.vcxproj", "{98F87BFD-BFF6-4219-89F1-607D8B168464}"
EndProject
Global
	GlobalSection(SolutionConfigurationPlatforms) = preSolution
		Debug|x64 = Debug|x64
		Debug|x86 = Debug|x86
		Release|x64 = Release|x64
		Release|x86 = Release|x86
	EndGlobalSection
	GlobalSection(ProjectConfigurationPlatforms) = postSolution
		{98F87BFD-BFF6-4219-89F1-607D8B168464}.Debug|x64.ActiveCfg = Debug|x64
		{98F87BFD-BFF6-4219-89F1-607D8B168464}.Debug|x64.Build.0 = Debug|x64
		{98F87BFD-BFF6-4219-89F1-607D8B168464}.Debug|x86.ActiveCfg = Debug|Win32
		{98F87BFD-BFF6-4219-89F1-607D8B168464}.Debug|x86.Build.0 = Debug|Win32
		{98F87BFD-BFF6-4219-89F1-607D8B168464}.Release|x64.ActiveCfg = Release|x64
		{98F87BFD-BFF6-4219-89F1-607D8B168464}.Release|x64.Build.0 = Release|x64
		{98F87BFD-BFF6-4219-89F1-607D8B168464}.Release|x86.ActiveCfg = Release|Win32
		{98F87BFD-BFF6-4219-89F1-607D8B168464}.Release|x86.Build.0 = Release|Win32
	EndGlobalSection
	GlobalSection(SolutionProperties) = preSolution
		HideSolutionNode = FALSE
	EndGlobalSection
	GlobalSection(ExtensibilityGlobals) = postSolution
		SolutionGuid = {64BB2D44-01C7-485A-BA29-C7F8F5F6106A}
	EndGlobalSection
EndGlobal
