
Microsoft Visual Studio Solution File, Format Version 12.00
# Visual Studio Version 17
VisualStudioVersion = 17.5.33530.505
MinimumVisualStudioVersion = 10.0.40219.1
Project("{FAE04EC0-301F-11D3-BF4B-00C04F79EFBC}") = "iow28_io", "iow28_io\iow28_io.csproj", "{8F7DA442-E8A5-4AB1-B3D0-2DF3D41F09FE}"
EndProject
Global
	GlobalSection(SolutionConfigurationPlatforms) = preSolution
		Debug|Any CPU = Debug|Any CPU
		Debug|x64 = Debug|x64
		Release|Any CPU = Release|Any CPU
		Release|x64 = Release|x64
	EndGlobalSection
	GlobalSection(ProjectConfigurationPlatforms) = postSolution
		{8F7DA442-E8A5-4AB1-B3D0-2DF3D41F09FE}.Debug|Any CPU.ActiveCfg = Debug|Any CPU
		{8F7DA442-E8A5-4AB1-B3D0-2DF3D41F09FE}.Debug|Any CPU.Build.0 = Debug|Any CPU
		{8F7DA442-E8A5-4AB1-B3D0-2DF3D41F09FE}.Debug|x64.ActiveCfg = Debug|x64
		{8F7DA442-E8A5-4AB1-B3D0-2DF3D41F09FE}.Debug|x64.Build.0 = Debug|x64
		{8F7DA442-E8A5-4AB1-B3D0-2DF3D41F09FE}.Release|Any CPU.ActiveCfg = Release|Any CPU
		{8F7DA442-E8A5-4AB1-B3D0-2DF3D41F09FE}.Release|Any CPU.Build.0 = Release|Any CPU
		{8F7DA442-E8A5-4AB1-B3D0-2DF3D41F09FE}.Release|x64.ActiveCfg = Release|x64
		{8F7DA442-E8A5-4AB1-B3D0-2DF3D41F09FE}.Release|x64.Build.0 = Release|x64
	EndGlobalSection
	GlobalSection(SolutionProperties) = preSolution
		HideSolutionNode = FALSE
	EndGlobalSection
	GlobalSection(ExtensibilityGlobals) = postSolution
		SolutionGuid = {BABA4D0F-74F1-45B7-98CA-2BF763A346E7}
	EndGlobalSection
EndGlobal
